
Microsoft Visual Studio Solution File, Format Version 12.00
# Visual Studio 14
VisualStudioVersion = 14.0.25420.1
MinimumVisualStudioVersion = 10.0.40219.1
Project("{FAE04EC0-301F-11D3-BF4B-00C04F79EFBC}") = "Setup.Configuration.CS", "Setup.Configuration.CS\Setup.Configuration.CS.csproj", "{B9AA5DD9-28D1-445D-8FDD-6195DC479BCC}"
EndProject
Project("{F184B08F-C81C-45F6-A57F-5ABD9991F28F}") = "Setup.Configuration.VB", "Setup.Configuration.VB\Setup.Configuration.VB.vbproj", "{EDB069C4-93E5-46B0-80DB-81FB86BFFA7A}"
EndProject
Project("{8BC9CEB8-8B4A-11D0-8D11-00A0C91BC942}") = "Setup.Configuration.VC", "Setup.Configuration.VC\Setup.Configuration.VC.vcxproj", "{016D60D2-A5F5-402D-8BED-6794083328C3}"
EndProject
Project("{2150E333-8FDC-42A3-9474-1A3956D46DE8}") = "Solution Items", "Solution Items", "{4CB90846-7D4A-4CED-B8A1-FF5E44BB0453}"
	ProjectSection(SolutionItems) = preProject
		LICENSE.txt = LICENSE.txt
		README.md = README.md
	EndProjectSection
EndProject
Global
	GlobalSection(SolutionConfigurationPlatforms) = preSolution
		Debug|Any CPU = Debug|Any CPU
		Debug|x64 = Debug|x64
		Release|Any CPU = Release|Any CPU
		Release|x64 = Release|x64
	EndGlobalSection
	GlobalSection(ProjectConfigurationPlatforms) = postSolution
		{B9AA5DD9-28D1-445D-8FDD-6195DC479BCC}.Debug|Any CPU.ActiveCfg = Debug|Any CPU
		{B9AA5DD9-28D1-445D-8FDD-6195DC479BCC}.Debug|Any CPU.Build.0 = Debug|Any CPU
		{B9AA5DD9-28D1-445D-8FDD-6195DC479BCC}.Debug|x64.ActiveCfg = Debug|Any CPU
		{B9AA5DD9-28D1-445D-8FDD-6195DC479BCC}.Release|Any CPU.ActiveCfg = Release|Any CPU
		{B9AA5DD9-28D1-445D-8FDD-6195DC479BCC}.Release|Any CPU.Build.0 = Release|Any CPU
		{B9AA5DD9-28D1-445D-8FDD-6195DC479BCC}.Release|x64.ActiveCfg = Release|Any CPU
		{EDB069C4-93E5-46B0-80DB-81FB86BFFA7A}.Debug|Any CPU.ActiveCfg = Debug|Any CPU
		{EDB069C4-93E5-46B0-80DB-81FB86BFFA7A}.Debug|Any CPU.Build.0 = Debug|Any CPU
		{EDB069C4-93E5-46B0-80DB-81FB86BFFA7A}.Debug|x64.ActiveCfg = Debug|Any CPU
		{EDB069C4-93E5-46B0-80DB-81FB86BFFA7A}.Release|Any CPU.ActiveCfg = Release|Any CPU
		{EDB069C4-93E5-46B0-80DB-81FB86BFFA7A}.Release|Any CPU.Build.0 = Release|Any CPU
		{EDB069C4-93E5-46B0-80DB-81FB86BFFA7A}.Release|x64.ActiveCfg = Release|Any CPU
		{016D60D2-A5F5-402D-8BED-6794083328C3}.Debug|Any CPU.ActiveCfg = Debug|Win32
		{016D60D2-A5F5-402D-8BED-6794083328C3}.Debug|Any CPU.Build.0 = Debug|Win32
		{016D60D2-A5F5-402D-8BED-6794083328C3}.Debug|x64.ActiveCfg = Debug|x64
		{016D60D2-A5F5-402D-8BED-6794083328C3}.Debug|x64.Build.0 = Debug|x64
		{016D60D2-A5F5-402D-8BED-6794083328C3}.Release|Any CPU.ActiveCfg = Release|Win32
		{016D60D2-A5F5-402D-8BED-6794083328C3}.Release|Any CPU.Build.0 = Release|Win32
		{016D60D2-A5F5-402D-8BED-6794083328C3}.Release|x64.ActiveCfg = Release|x64
		{016D60D2-A5F5-402D-8BED-6794083328C3}.Release|x64.Build.0 = Release|x64
	EndGlobalSection
	GlobalSection(SolutionProperties) = preSolution
		HideSolutionNode = FALSE
	EndGlobalSection
EndGlobal
